{
  "name": "gestorDocumentos",
  "lockfileVersion": 2,
  "requires": true,
  "packages": {
    "": {
      "dependencies": {
        "@kanety/jquery-simple-upload": "^0.4.0"
      }
    },
    "node_modules/@kanety/jquery-simple-upload": {
      "version": "0.4.0",
      "resolved": "https://registry.npmjs.org/@kanety/jquery-simple-upload/-/jquery-simple-upload-0.4.0.tgz",
      "integrity": "sha512-4KMtHY21kRe4GNTKRO8QV5wxpEGmRP9blG7caKc+Xoas0jnSSYWr/ruC8ndlYNHKBJ8/cjD4b7TIxzcaU1uhSw==",
      "dependencies": {
        "jquery": "^3.3.1"
      }
    },
    "node_modules/jquery": {
      "version": "3.6.0",
      "resolved": "https://registry.npmjs.org/jquery/-/jquery-3.6.0.tgz",
      "integrity": "sha512-JVzAR/AjBvVt2BmYhxRCSYysDsPcssdmTFnzyLEts9qNwmjmu4JTAMYubEfwVOSwpQ1I1sKKFcxhZCI2buerfw=="
    }
  },
  "dependencies": {
    "@kanety/jquery-simple-upload": {
      "version": "0.4.0",
      "resolved": "https://registry.npmjs.org/@kanety/jquery-simple-upload/-/jquery-simple-upload-0.4.0.tgz",
      "integrity": "sha512-4KMtHY21kRe4GNTKRO8QV5wxpEGmRP9blG7caKc+Xoas0jnSSYWr/ruC8ndlYNHKBJ8/cjD4b7TIxzcaU1uhSw==",
      "requires": {
        "jquery": "^3.3.1"
      }
    },
    "jquery": {
      "version": "3.6.0",
      "resolved": "https://registry.npmjs.org/jquery/-/jquery-3.6.0.tgz",
      "integrity": "sha512-JVzAR/AjBvVt2BmYhxRCSYysDsPcssdmTFnzyLEts9qNwmjmu4JTAMYubEfwVOSwpQ1I1sKKFcxhZCI2buerfw=="
    }
  }
}
